
Microsoft Visual Studio Solution File, Format Version 12.00
# Visual Studio Version 16
VisualStudioVersion = 16.0.31005.135
MinimumVisualStudioVersion = 10.0.40219.1
Project("{FAE04EC0-301F-11D3-BF4B-00C04F79EFBC}") = "newExercise", "newExercise\newExercise.csproj", "{B5F7875D-06D4-43D7-BE8C-2ECBADE33D66}"
EndProject
Global
	GlobalSection(SolutionConfigurationPlatforms) = preSolution
		Debug|Any CPU = Debug|Any CPU
		Release|Any CPU = Release|Any CPU
	EndGlobalSection
	GlobalSection(ProjectConfigurationPlatforms) = postSolution
		{B5F7875D-06D4-43D7-BE8C-2ECBADE33D66}.Debug|Any CPU.ActiveCfg = Debug|Any CPU
		{B5F7875D-06D4-43D7-BE8C-2ECBADE33D66}.Debug|Any CPU.Build.0 = Debug|Any CPU
		{B5F7875D-06D4-43D7-BE8C-2ECBADE33D66}.Release|Any CPU.ActiveCfg = Release|Any CPU
		{B5F7875D-06D4-43D7-BE8C-2ECBADE33D66}.Release|Any CPU.Build.0 = Release|Any CPU
	EndGlobalSection
	GlobalSection(SolutionProperties) = preSolution
		HideSolutionNode = FALSE
	EndGlobalSection
	GlobalSection(ExtensibilityGlobals) = postSolution
		SolutionGuid = {72BAF457-4F04-494C-98B1-1FEC4B48F2DF}
	EndGlobalSection
EndGlobal
